
Microsoft Visual Studio Solution File, Format Version 12.00
# Visual Studio Version 17
VisualStudioVersion = 17.9.34607.119
MinimumVisualStudioVersion = 10.0.40219.1
Project("{9A19103F-16F7-4668-BE54-9A1E7A4F7556}") = "Medium.API", "Medium.API\Medium.API.csproj", "{90894E9D-7877-4069-BEA0-22CC2275A3B6}"
EndProject
Project("{2150E333-8FDC-42A3-9474-1A3956D46DE8}") = "src", "src", "{B59158F9-5EB0-4BEE-988E-AD002380EB00}"
EndProject
Project("{9A19103F-16F7-4668-BE54-9A1E7A4F7556}") = "Mediaum.Domain", "Mediaum.Domain\Mediaum.Domain.csproj", "{FAA2F269-A5B1-4860-853D-3A279B60322D}"
EndProject
Project("{9A19103F-16F7-4668-BE54-9A1E7A4F7556}") = "Medium.Application", "Medium.Application\Medium.Application.csproj", "{7405A7DD-799E-4C4C-BB78-91F176C833A3}"
EndProject
Project("{9A19103F-16F7-4668-BE54-9A1E7A4F7556}") = "Medium.Infrastructure", "Medium.Infrastructure\Medium.Infrastructure.csproj", "{CDC8D478-0007-465A-8E76-0B3357861F76}"
EndProject
Global
	GlobalSection(SolutionConfigurationPlatforms) = preSolution
		Debug|Any CPU = Debug|Any CPU
		Release|Any CPU = Release|Any CPU
	EndGlobalSection
	GlobalSection(ProjectConfigurationPlatforms) = postSolution
		{90894E9D-7877-4069-BEA0-22CC2275A3B6}.Debug|Any CPU.ActiveCfg = Debug|Any CPU
		{90894E9D-7877-4069-BEA0-22CC2275A3B6}.Debug|Any CPU.Build.0 = Debug|Any CPU
		{90894E9D-7877-4069-BEA0-22CC2275A3B6}.Release|Any CPU.ActiveCfg = Release|Any CPU
		{90894E9D-7877-4069-BEA0-22CC2275A3B6}.Release|Any CPU.Build.0 = Release|Any CPU
		{FAA2F269-A5B1-4860-853D-3A279B60322D}.Debug|Any CPU.ActiveCfg = Debug|Any CPU
		{FAA2F269-A5B1-4860-853D-3A279B60322D}.Debug|Any CPU.Build.0 = Debug|Any CPU
		{FAA2F269-A5B1-4860-853D-3A279B60322D}.Release|Any CPU.ActiveCfg = Release|Any CPU
		{FAA2F269-A5B1-4860-853D-3A279B60322D}.Release|Any CPU.Build.0 = Release|Any CPU
		{7405A7DD-799E-4C4C-BB78-91F176C833A3}.Debug|Any CPU.ActiveCfg = Debug|Any CPU
		{7405A7DD-799E-4C4C-BB78-91F176C833A3}.Debug|Any CPU.Build.0 = Debug|Any CPU
		{7405A7DD-799E-4C4C-BB78-91F176C833A3}.Release|Any CPU.ActiveCfg = Release|Any CPU
		{7405A7DD-799E-4C4C-BB78-91F176C833A3}.Release|Any CPU.Build.0 = Release|Any CPU
		{CDC8D478-0007-465A-8E76-0B3357861F76}.Debug|Any CPU.ActiveCfg = Debug|Any CPU
		{CDC8D478-0007-465A-8E76-0B3357861F76}.Debug|Any CPU.Build.0 = Debug|Any CPU
		{CDC8D478-0007-465A-8E76-0B3357861F76}.Release|Any CPU.ActiveCfg = Release|Any CPU
		{CDC8D478-0007-465A-8E76-0B3357861F76}.Release|Any CPU.Build.0 = Release|Any CPU
	EndGlobalSection
	GlobalSection(SolutionProperties) = preSolution
		HideSolutionNode = FALSE
	EndGlobalSection
	GlobalSection(NestedProjects) = preSolution
		{90894E9D-7877-4069-BEA0-22CC2275A3B6} = {B59158F9-5EB0-4BEE-988E-AD002380EB00}
		{FAA2F269-A5B1-4860-853D-3A279B60322D} = {B59158F9-5EB0-4BEE-988E-AD002380EB00}
		{7405A7DD-799E-4C4C-BB78-91F176C833A3} = {B59158F9-5EB0-4BEE-988E-AD002380EB00}
		{CDC8D478-0007-465A-8E76-0B3357861F76} = {B59158F9-5EB0-4BEE-988E-AD002380EB00}
	EndGlobalSection
	GlobalSection(ExtensibilityGlobals) = postSolution
		SolutionGuid = {C808890E-1C7A-4438-AD0C-17EE4951010C}
	EndGlobalSection
EndGlobal
